
Microsoft Visual Studio Solution File, Format Version 12.00
# Visual Studio Version 16
VisualStudioVersion = 16.0.29123.88
MinimumVisualStudioVersion = 10.0.40219.1
Project("{FAE04EC0-301F-11D3-BF4B-00C04F79EFBC}") = "UserApiWpf", "UserApiWpf\UserApiWpf.csproj", "{BA4DB4F0-3385-4C6C-9D18-EBCAED5D8065}"
EndProject
Global
	GlobalSection(SolutionConfigurationPlatforms) = preSolution
		Debug|Any CPU = Debug|Any CPU
		Release|Any CPU = Release|Any CPU
	EndGlobalSection
	GlobalSection(ProjectConfigurationPlatforms) = postSolution
		{BA4DB4F0-3385-4C6C-9D18-EBCAED5D8065}.Debug|Any CPU.ActiveCfg = Debug|Any CPU
		{BA4DB4F0-3385-4C6C-9D18-EBCAED5D8065}.Debug|Any CPU.Build.0 = Debug|Any CPU
		{BA4DB4F0-3385-4C6C-9D18-EBCAED5D8065}.Release|Any CPU.ActiveCfg = Release|Any CPU
		{BA4DB4F0-3385-4C6C-9D18-EBCAED5D8065}.Release|Any CPU.Build.0 = Release|Any CPU
	EndGlobalSection
	GlobalSection(SolutionProperties) = preSolution
		HideSolutionNode = FALSE
	EndGlobalSection
	GlobalSection(ExtensibilityGlobals) = postSolution
		SolutionGuid = {7AD64E33-1F8E-4CA4-9AAB-F8D92169C4CA}
	EndGlobalSection
EndGlobal
